
Microsoft Visual Studio Solution File, Format Version 12.00
# Visual Studio Version 16
VisualStudioVersion = 16.0.31205.134
MinimumVisualStudioVersion = 10.0.40219.1
Project("{FAE04EC0-301F-11D3-BF4B-00C04F79EFBC}") = "DAL", "DAL\DAL.csproj", "{D83794B2-2CD3-455F-A743-E204BAAF1078}"
EndProject
Project("{F184B08F-C81C-45F6-A57F-5ABD9991F28F}") = "AppServiceLayer", "AppServiceLayer\AppServiceLayer.vbproj", "{67196985-4442-4AB3-A3E6-E479A7C16D7F}"
EndProject
Project("{F184B08F-C81C-45F6-A57F-5ABD9991F28F}") = "AppHttpClient", "AppHttpClient\AppHttpClient.vbproj", "{DBEC311F-128A-4D18-832A-1EAC1CECC687}"
EndProject
Global
	GlobalSection(SolutionConfigurationPlatforms) = preSolution
		Debug|Any CPU = Debug|Any CPU
		Release|Any CPU = Release|Any CPU
	EndGlobalSection
	GlobalSection(ProjectConfigurationPlatforms) = postSolution
		{D83794B2-2CD3-455F-A743-E204BAAF1078}.Debug|Any CPU.ActiveCfg = Debug|Any CPU
		{D83794B2-2CD3-455F-A743-E204BAAF1078}.Debug|Any CPU.Build.0 = Debug|Any CPU
		{D83794B2-2CD3-455F-A743-E204BAAF1078}.Release|Any CPU.ActiveCfg = Release|Any CPU
		{D83794B2-2CD3-455F-A743-E204BAAF1078}.Release|Any CPU.Build.0 = Release|Any CPU
		{67196985-4442-4AB3-A3E6-E479A7C16D7F}.Debug|Any CPU.ActiveCfg = Debug|Any CPU
		{67196985-4442-4AB3-A3E6-E479A7C16D7F}.Debug|Any CPU.Build.0 = Debug|Any CPU
		{67196985-4442-4AB3-A3E6-E479A7C16D7F}.Release|Any CPU.ActiveCfg = Release|Any CPU
		{67196985-4442-4AB3-A3E6-E479A7C16D7F}.Release|Any CPU.Build.0 = Release|Any CPU
		{DBEC311F-128A-4D18-832A-1EAC1CECC687}.Debug|Any CPU.ActiveCfg = Debug|Any CPU
		{DBEC311F-128A-4D18-832A-1EAC1CECC687}.Debug|Any CPU.Build.0 = Debug|Any CPU
		{DBEC311F-128A-4D18-832A-1EAC1CECC687}.Release|Any CPU.ActiveCfg = Release|Any CPU
		{DBEC311F-128A-4D18-832A-1EAC1CECC687}.Release|Any CPU.Build.0 = Release|Any CPU
	EndGlobalSection
	GlobalSection(SolutionProperties) = preSolution
		HideSolutionNode = FALSE
	EndGlobalSection
	GlobalSection(ExtensibilityGlobals) = postSolution
		SolutionGuid = {588D20EC-BA8F-4726-83B0-C8E4163CCC00}
	EndGlobalSection
EndGlobal
